
Microsoft Visual Studio Solution File, Format Version 12.00
# Visual Studio Version 16
VisualStudioVersion = 16.0.30413.136
MinimumVisualStudioVersion = 10.0.40219.1
Project("{FAE04EC0-301F-11D3-BF4B-00C04F79EFBC}") = "BestBooks", "BestBooks\BestBooks.csproj", "{9DB5B18D-E1BE-4DCB-A24A-8DC99A69ABE8}"
EndProject
Global
	GlobalSection(SolutionConfigurationPlatforms) = preSolution
		Debug|Any CPU = Debug|Any CPU
		Release|Any CPU = Release|Any CPU
	EndGlobalSection
	GlobalSection(ProjectConfigurationPlatforms) = postSolution
		{9DB5B18D-E1BE-4DCB-A24A-8DC99A69ABE8}.Debug|Any CPU.ActiveCfg = Debug|Any CPU
		{9DB5B18D-E1BE-4DCB-A24A-8DC99A69ABE8}.Debug|Any CPU.Build.0 = Debug|Any CPU
		{9DB5B18D-E1BE-4DCB-A24A-8DC99A69ABE8}.Release|Any CPU.ActiveCfg = Release|Any CPU
		{9DB5B18D-E1BE-4DCB-A24A-8DC99A69ABE8}.Release|Any CPU.Build.0 = Release|Any CPU
	EndGlobalSection
	GlobalSection(SolutionProperties) = preSolution
		HideSolutionNode = FALSE
	EndGlobalSection
	GlobalSection(ExtensibilityGlobals) = postSolution
		SolutionGuid = {8CE14197-BBB5-4FB7-AA29-54DA7BE57641}
	EndGlobalSection
EndGlobal
